
Microsoft Visual Studio Solution File, Format Version 12.00
# Visual Studio Version 17
VisualStudioVersion = 17.4.33110.190
MinimumVisualStudioVersion = 10.0.40219.1
Project("{9A19103F-16F7-4668-BE54-9A1E7A4F7556}") = "btree", "btree\btree.csproj", "{7A9B915C-9A48-4D01-B348-EFA159B868EC}"
EndProject
Project("{8BC9CEB8-8B4A-11D0-8D11-00A0C91BC942}") = "lr5", "lr5\lr5.vcxproj", "{9E86ABD7-9301-4433-A1A1-CEBBC08339F7}"
EndProject
Global
	GlobalSection(SolutionConfigurationPlatforms) = preSolution
		Debug|Any CPU = Debug|Any CPU
		Debug|x64 = Debug|x64
		Debug|x86 = Debug|x86
		Release|Any CPU = Release|Any CPU
		Release|x64 = Release|x64
		Release|x86 = Release|x86
	EndGlobalSection
	GlobalSection(ProjectConfigurationPlatforms) = postSolution
		{7A9B915C-9A48-4D01-B348-EFA159B868EC}.Debug|Any CPU.ActiveCfg = Debug|Any CPU
		{7A9B915C-9A48-4D01-B348-EFA159B868EC}.Debug|Any CPU.Build.0 = Debug|Any CPU
		{7A9B915C-9A48-4D01-B348-EFA159B868EC}.Debug|x64.ActiveCfg = Debug|Any CPU
		{7A9B915C-9A48-4D01-B348-EFA159B868EC}.Debug|x64.Build.0 = Debug|Any CPU
		{7A9B915C-9A48-4D01-B348-EFA159B868EC}.Debug|x86.ActiveCfg = Debug|Any CPU
		{7A9B915C-9A48-4D01-B348-EFA159B868EC}.Debug|x86.Build.0 = Debug|Any CPU
		{7A9B915C-9A48-4D01-B348-EFA159B868EC}.Release|Any CPU.ActiveCfg = Release|Any CPU
		{7A9B915C-9A48-4D01-B348-EFA159B868EC}.Release|Any CPU.Build.0 = Release|Any CPU
		{7A9B915C-9A48-4D01-B348-EFA159B868EC}.Release|x64.ActiveCfg = Release|Any CPU
		{7A9B915C-9A48-4D01-B348-EFA159B868EC}.Release|x64.Build.0 = Release|Any CPU
		{7A9B915C-9A48-4D01-B348-EFA159B868EC}.Release|x86.ActiveCfg = Release|Any CPU
		{7A9B915C-9A48-4D01-B348-EFA159B868EC}.Release|x86.Build.0 = Release|Any CPU
		{9E86ABD7-9301-4433-A1A1-CEBBC08339F7}.Debug|Any CPU.ActiveCfg = Debug|Win32
		{9E86ABD7-9301-4433-A1A1-CEBBC08339F7}.Debug|x64.ActiveCfg = Debug|x64
		{9E86ABD7-9301-4433-A1A1-CEBBC08339F7}.Debug|x64.Build.0 = Debug|x64
		{9E86ABD7-9301-4433-A1A1-CEBBC08339F7}.Debug|x86.ActiveCfg = Debug|Win32
		{9E86ABD7-9301-4433-A1A1-CEBBC08339F7}.Debug|x86.Build.0 = Debug|Win32
		{9E86ABD7-9301-4433-A1A1-CEBBC08339F7}.Release|Any CPU.ActiveCfg = Release|Win32
		{9E86ABD7-9301-4433-A1A1-CEBBC08339F7}.Release|x64.ActiveCfg = Release|x64
		{9E86ABD7-9301-4433-A1A1-CEBBC08339F7}.Release|x64.Build.0 = Release|x64
		{9E86ABD7-9301-4433-A1A1-CEBBC08339F7}.Release|x86.ActiveCfg = Release|Win32
		{9E86ABD7-9301-4433-A1A1-CEBBC08339F7}.Release|x86.Build.0 = Release|Win32
	EndGlobalSection
	GlobalSection(SolutionProperties) = preSolution
		HideSolutionNode = FALSE
	EndGlobalSection
	GlobalSection(ExtensibilityGlobals) = postSolution
		SolutionGuid = {228E423E-C729-42B4-AFB4-1E3C91AFBBE6}
	EndGlobalSection
EndGlobal
